// !$*UTF8*$!
{
	archiveVersion = 1;
	classes = {
	};
	objectVersion = 55;
	objects = {

/* Begin PBXBuildFile section */
		042E20592950A96900E4DD63 /* 잘라서배열로저장하기.swift in Sources */ = {isa = PBXBuildFile; fileRef = 042E20582950A96900E4DD63 /* 잘라서배열로저장하기.swift */; };
		042E205B2954BD0600E4DD63 /* 기사단원의무기.swift in Sources */ = {isa = PBXBuildFile; fileRef = 042E205A2954BD0600E4DD63 /* 기사단원의무기.swift */; };
		042E205D2956185C00E4DD63 /* 크기가작은부분문자열.swift in Sources */ = {isa = PBXBuildFile; fileRef = 042E205C2956185C00E4DD63 /* 크기가작은부분문자열.swift */; };
		04C4C7FF29116834002BEF3B /* 캐시.swift in Sources */ = {isa = PBXBuildFile; fileRef = 04C4C7FE29116834002BEF3B /* 캐시.swift */; };
		04DCFFA72900570A00DCB316 /* main.swift in Sources */ = {isa = PBXBuildFile; fileRef = 04DCFFA62900570A00DCB316 /* main.swift */; };
		04DCFFAE2901736300DCB316 /* 문자열다루기기본.swift in Sources */ = {isa = PBXBuildFile; fileRef = 04DCFFAD2901736300DCB316 /* 문자열다루기기본.swift */; };
		04DCFFB02901847D00DCB316 /* 비밀지도.swift in Sources */ = {isa = PBXBuildFile; fileRef = 04DCFFAF2901847D00DCB316 /* 비밀지도.swift */; };
		04DCFFB22904152B00DCB316 /* 삼총사.swift in Sources */ = {isa = PBXBuildFile; fileRef = 04DCFFB12904152B00DCB316 /* 삼총사.swift */; };
		04EC28022906DE22006886D6 /* 다트게임.swift in Sources */ = {isa = PBXBuildFile; fileRef = 04EC28012906DE22006886D6 /* 다트게임.swift */; };
		04EC280429082DF1006886D6 /* 성격유형검사하기.swift in Sources */ = {isa = PBXBuildFile; fileRef = 04EC280329082DF1006886D6 /* 성격유형검사하기.swift */; };
		04EC280629098BC5006886D6 /* 숫자문자열과영단어.swift in Sources */ = {isa = PBXBuildFile; fileRef = 04EC280529098BC5006886D6 /* 숫자문자열과영단어.swift */; };
		04EC2808290AE4C6006886D6 /* 신규아이디추천.swift in Sources */ = {isa = PBXBuildFile; fileRef = 04EC2807290AE4C6006886D6 /* 신규아이디추천.swift */; };
		04EC280A290C1252006886D6 /* 이상한문자만들기.swift in Sources */ = {isa = PBXBuildFile; fileRef = 04EC2809290C1252006886D6 /* 이상한문자만들기.swift */; };
		04EC280C290D5D44006886D6 /* 모의고사.swift in Sources */ = {isa = PBXBuildFile; fileRef = 04EC280B290D5D44006886D6 /* 모의고사.swift */; };
		04EC280E290EADF6006886D6 /* JadenCase문자열만들기.swift in Sources */ = {isa = PBXBuildFile; fileRef = 04EC280D290EADF6006886D6 /* JadenCase문자열만들기.swift */; };
		04EC281029100CE8006886D6 /* 튜플.swift in Sources */ = {isa = PBXBuildFile; fileRef = 04EC280F29100CE8006886D6 /* 튜플.swift */; };
/* End PBXBuildFile section */

/* Begin PBXCopyFilesBuildPhase section */
		04DCFFA12900570A00DCB316 /* CopyFiles */ = {
			isa = PBXCopyFilesBuildPhase;
			buildActionMask = 2147483647;
			dstPath = /usr/share/man/man1/;
			dstSubfolderSpec = 0;
			files = (
			);
			runOnlyForDeploymentPostprocessing = 1;
		};
/* End PBXCopyFilesBuildPhase section */

/* Begin PBXFileReference section */
		042E20582950A96900E4DD63 /* 잘라서배열로저장하기.swift */ = {isa = PBXFileReference; lastKnownFileType = sourcecode.swift; path = "잘라서배열로저장하기.swift"; sourceTree = "<group>"; };
		042E205A2954BD0600E4DD63 /* 기사단원의무기.swift */ = {isa = PBXFileReference; lastKnownFileType = sourcecode.swift; path = "기사단원의무기.swift"; sourceTree = "<group>"; };
		042E205C2956185C00E4DD63 /* 크기가작은부분문자열.swift */ = {isa = PBXFileReference; lastKnownFileType = sourcecode.swift; path = "크기가작은부분문자열.swift"; sourceTree = "<group>"; };
		04C4C7FE29116834002BEF3B /* 캐시.swift */ = {isa = PBXFileReference; lastKnownFileType = sourcecode.swift; path = "캐시.swift"; sourceTree = "<group>"; };
		04DCFFA32900570A00DCB316 /* HelloSwift */ = {isa = PBXFileReference; explicitFileType = "compiled.mach-o.executable"; includeInIndex = 0; path = HelloSwift; sourceTree = BUILT_PRODUCTS_DIR; };
		04DCFFA62900570A00DCB316 /* main.swift */ = {isa = PBXFileReference; lastKnownFileType = sourcecode.swift; path = main.swift; sourceTree = "<group>"; };
		04DCFFAD2901736300DCB316 /* 문자열다루기기본.swift */ = {isa = PBXFileReference; lastKnownFileType = sourcecode.swift; path = "문자열다루기기본.swift"; sourceTree = "<group>"; };
		04DCFFAF2901847D00DCB316 /* 비밀지도.swift */ = {isa = PBXFileReference; lastKnownFileType = sourcecode.swift; path = "비밀지도.swift"; sourceTree = "<group>"; };
		04DCFFB12904152B00DCB316 /* 삼총사.swift */ = {isa = PBXFileReference; lastKnownFileType = sourcecode.swift; path = "삼총사.swift"; sourceTree = "<group>"; };
		04EC28012906DE22006886D6 /* 다트게임.swift */ = {isa = PBXFileReference; lastKnownFileType = sourcecode.swift; path = "다트게임.swift"; sourceTree = "<group>"; };
		04EC280329082DF1006886D6 /* 성격유형검사하기.swift */ = {isa = PBXFileReference; lastKnownFileType = sourcecode.swift; path = "성격유형검사하기.swift"; sourceTree = "<group>"; };
		04EC280529098BC5006886D6 /* 숫자문자열과영단어.swift */ = {isa = PBXFileReference; lastKnownFileType = sourcecode.swift; path = "숫자문자열과영단어.swift"; sourceTree = "<group>"; };
		04EC2807290AE4C6006886D6 /* 신규아이디추천.swift */ = {isa = PBXFileReference; lastKnownFileType = sourcecode.swift; path = "신규아이디추천.swift"; sourceTree = "<group>"; };
		04EC2809290C1252006886D6 /* 이상한문자만들기.swift */ = {isa = PBXFileReference; lastKnownFileType = sourcecode.swift; path = "이상한문자만들기.swift"; sourceTree = "<group>"; };
		04EC280B290D5D44006886D6 /* 모의고사.swift */ = {isa = PBXFileReference; lastKnownFileType = sourcecode.swift; path = "모의고사.swift"; sourceTree = "<group>"; };
		04EC280D290EADF6006886D6 /* JadenCase문자열만들기.swift */ = {isa = PBXFileReference; lastKnownFileType = sourcecode.swift; path = "JadenCase문자열만들기.swift"; sourceTree = "<group>"; };
		04EC280F29100CE8006886D6 /* 튜플.swift */ = {isa = PBXFileReference; lastKnownFileType = sourcecode.swift; path = "튜플.swift"; sourceTree = "<group>"; };
/* End PBXFileReference section */

/* Begin PBXFrameworksBuildPhase section */
		04DCFFA02900570A00DCB316 /* Frameworks */ = {
			isa = PBXFrameworksBuildPhase;
			buildActionMask = 2147483647;
			files = (
			);
			runOnlyForDeploymentPostprocessing = 0;
		};
/* End PBXFrameworksBuildPhase section */

/* Begin PBXGroup section */
		04DCFF9A2900570A00DCB316 = {
			isa = PBXGroup;
			children = (
				04DCFFA52900570A00DCB316 /* HelloSwift */,
				04DCFFA42900570A00DCB316 /* Products */,
			);
			sourceTree = "<group>";
		};
		04DCFFA42900570A00DCB316 /* Products */ = {
			isa = PBXGroup;
			children = (
				04DCFFA32900570A00DCB316 /* HelloSwift */,
			);
			name = Products;
			sourceTree = "<group>";
		};
		04DCFFA52900570A00DCB316 /* HelloSwift */ = {
			isa = PBXGroup;
			children = (
				04DCFFA62900570A00DCB316 /* main.swift */,
				042E205C2956185C00E4DD63 /* 크기가작은부분문자열.swift */,
				04DCFFAD2901736300DCB316 /* 문자열다루기기본.swift */,
				04DCFFAF2901847D00DCB316 /* 비밀지도.swift */,
				04DCFFB12904152B00DCB316 /* 삼총사.swift */,
				04EC28012906DE22006886D6 /* 다트게임.swift */,
				04EC280329082DF1006886D6 /* 성격유형검사하기.swift */,
				04EC280529098BC5006886D6 /* 숫자문자열과영단어.swift */,
				04EC2807290AE4C6006886D6 /* 신규아이디추천.swift */,
				04EC2809290C1252006886D6 /* 이상한문자만들기.swift */,
				04EC280B290D5D44006886D6 /* 모의고사.swift */,
				04EC280D290EADF6006886D6 /* JadenCase문자열만들기.swift */,
				04EC280F29100CE8006886D6 /* 튜플.swift */,
				04C4C7FE29116834002BEF3B /* 캐시.swift */,
				042E20582950A96900E4DD63 /* 잘라서배열로저장하기.swift */,
				042E205A2954BD0600E4DD63 /* 기사단원의무기.swift */,
			);
			path = HelloSwift;
			sourceTree = "<group>";
		};
/* End PBXGroup section */

/* Begin PBXNativeTarget section */
		04DCFFA22900570A00DCB316 /* HelloSwift */ = {
			isa = PBXNativeTarget;
			buildConfigurationList = 04DCFFAA2900570A00DCB316 /* Build configuration list for PBXNativeTarget "HelloSwift" */;
			buildPhases = (
				04DCFF9F2900570A00DCB316 /* Sources */,
				04DCFFA02900570A00DCB316 /* Frameworks */,
				04DCFFA12900570A00DCB316 /* CopyFiles */,
			);
			buildRules = (
			);
			dependencies = (
			);
			name = HelloSwift;
			productName = HelloSwift;
			productReference = 04DCFFA32900570A00DCB316 /* HelloSwift */;
			productType = "com.apple.product-type.tool";
		};
/* End PBXNativeTarget section */

/* Begin PBXProject section */
		04DCFF9B2900570A00DCB316 /* Project object */ = {
			isa = PBXProject;
			attributes = {
				BuildIndependentTargetsInParallel = 1;
				LastSwiftUpdateCheck = 1340;
				LastUpgradeCheck = 1340;
				TargetAttributes = {
					04DCFFA22900570A00DCB316 = {
						CreatedOnToolsVersion = 13.4.1;
					};
				};
			};
			buildConfigurationList = 04DCFF9E2900570A00DCB316 /* Build configuration list for PBXProject "HelloSwift" */;
			compatibilityVersion = "Xcode 13.0";
			developmentRegion = en;
			hasScannedForEncodings = 0;
			knownRegions = (
				en,
				Base,
			);
			mainGroup = 04DCFF9A2900570A00DCB316;
			productRefGroup = 04DCFFA42900570A00DCB316 /* Products */;
			projectDirPath = "";
			projectRoot = "";
			targets = (
				04DCFFA22900570A00DCB316 /* HelloSwift */,
			);
		};
/* End PBXProject section */

/* Begin PBXSourcesBuildPhase section */
		04DCFF9F2900570A00DCB316 /* Sources */ = {
			isa = PBXSourcesBuildPhase;
			buildActionMask = 2147483647;
			files = (
				04EC280429082DF1006886D6 /* 성격유형검사하기.swift in Sources */,
				04EC28022906DE22006886D6 /* 다트게임.swift in Sources */,
				042E205D2956185C00E4DD63 /* 크기가작은부분문자열.swift in Sources */,
				04EC280E290EADF6006886D6 /* JadenCase문자열만들기.swift in Sources */,
				04C4C7FF29116834002BEF3B /* 캐시.swift in Sources */,
				042E20592950A96900E4DD63 /* 잘라서배열로저장하기.swift in Sources */,
				04EC2808290AE4C6006886D6 /* 신규아이디추천.swift in Sources */,
				04DCFFA72900570A00DCB316 /* main.swift in Sources */,
				04DCFFB02901847D00DCB316 /* 비밀지도.swift in Sources */,
				04EC280A290C1252006886D6 /* 이상한문자만들기.swift in Sources */,
				04EC280C290D5D44006886D6 /* 모의고사.swift in Sources */,
				04EC280629098BC5006886D6 /* 숫자문자열과영단어.swift in Sources */,
				04DCFFAE2901736300DCB316 /* 문자열다루기기본.swift in Sources */,
				04DCFFB22904152B00DCB316 /* 삼총사.swift in Sources */,
				04EC281029100CE8006886D6 /* 튜플.swift in Sources */,
				042E205B2954BD0600E4DD63 /* 기사단원의무기.swift in Sources */,
			);
			runOnlyForDeploymentPostprocessing = 0;
		};
/* End PBXSourcesBuildPhase section */

/* Begin XCBuildConfiguration section */
		04DCFFA82900570A00DCB316 /* Debug */ = {
			isa = XCBuildConfiguration;
			buildSettings = {
				ALWAYS_SEARCH_USER_PATHS = NO;
				CLANG_ANALYZER_NONNULL = YES;
				CLANG_ANALYZER_NUMBER_OBJECT_CONVERSION = YES_AGGRESSIVE;
				CLANG_CXX_LANGUAGE_STANDARD = "gnu++17";
				CLANG_ENABLE_MODULES = YES;
				CLANG_ENABLE_OBJC_ARC = YES;
				CLANG_ENABLE_OBJC_WEAK = YES;
				CLANG_WARN_BLOCK_CAPTURE_AUTORELEASING = YES;
				CLANG_WARN_BOOL_CONVERSION = YES;
				CLANG_WARN_COMMA = YES;
				CLANG_WARN_CONSTANT_CONVERSION = YES;
				CLANG_WARN_DEPRECATED_OBJC_IMPLEMENTATIONS = YES;
				CLANG_WARN_DIRECT_OBJC_ISA_USAGE = YES_ERROR;
				CLANG_WARN_DOCUMENTATION_COMMENTS = YES;
				CLANG_WARN_EMPTY_BODY = YES;
				CLANG_WARN_ENUM_CONVERSION = YES;
				CLANG_WARN_INFINITE_RECURSION = YES;
				CLANG_WARN_INT_CONVERSION = YES;
				CLANG_WARN_NON_LITERAL_NULL_CONVERSION = YES;
				CLANG_WARN_OBJC_IMPLICIT_RETAIN_SELF = YES;
				CLANG_WARN_OBJC_LITERAL_CONVERSION = YES;
				CLANG_WARN_OBJC_ROOT_CLASS = YES_ERROR;
				CLANG_WARN_QUOTED_INCLUDE_IN_FRAMEWORK_HEADER = YES;
				CLANG_WARN_RANGE_LOOP_ANALYSIS = YES;
				CLANG_WARN_STRICT_PROTOTYPES = YES;
				CLANG_WARN_SUSPICIOUS_MOVE = YES;
				CLANG_WARN_UNGUARDED_AVAILABILITY = YES_AGGRESSIVE;
				CLANG_WARN_UNREACHABLE_CODE = YES;
				CLANG_WARN__DUPLICATE_METHOD_MATCH = YES;
				COPY_PHASE_STRIP = NO;
				DEBUG_INFORMATION_FORMAT = dwarf;
				ENABLE_STRICT_OBJC_MSGSEND = YES;
				ENABLE_TESTABILITY = YES;
				GCC_C_LANGUAGE_STANDARD = gnu11;
				GCC_DYNAMIC_NO_PIC = NO;
				GCC_NO_COMMON_BLOCKS = YES;
				GCC_OPTIMIZATION_LEVEL = 0;
				GCC_PREPROCESSOR_DEFINITIONS = (
					"DEBUG=1",
					"$(inherited)",
				);
				GCC_WARN_64_TO_32_BIT_CONVERSION = YES;
				GCC_WARN_ABOUT_RETURN_TYPE = YES_ERROR;
				GCC_WARN_UNDECLARED_SELECTOR = YES;
				GCC_WARN_UNINITIALIZED_AUTOS = YES_AGGRESSIVE;
				GCC_WARN_UNUSED_FUNCTION = YES;
				GCC_WARN_UNUSED_VARIABLE = YES;
				MACOSX_DEPLOYMENT_TARGET = 12.3;
				MTL_ENABLE_DEBUG_INFO = INCLUDE_SOURCE;
				MTL_FAST_MATH = YES;
				ONLY_ACTIVE_ARCH = YES;
				SDKROOT = macosx;
				SWIFT_ACTIVE_COMPILATION_CONDITIONS = DEBUG;
				SWIFT_OPTIMIZATION_LEVEL = "-Onone";
			};
			name = Debug;
		};
		04DCFFA92900570A00DCB316 /* Release */ = {
			isa = XCBuildConfiguration;
			buildSettings = {
				ALWAYS_SEARCH_USER_PATHS = NO;
				CLANG_ANALYZER_NONNULL = YES;
				CLANG_ANALYZER_NUMBER_OBJECT_CONVERSION = YES_AGGRESSIVE;
				CLANG_CXX_LANGUAGE_STANDARD = "gnu++17";
				CLANG_ENABLE_MODULES = YES;
				CLANG_ENABLE_OBJC_ARC = YES;
				CLANG_ENABLE_OBJC_WEAK = YES;
				CLANG_WARN_BLOCK_CAPTURE_AUTORELEASING = YES;
				CLANG_WARN_BOOL_CONVERSION = YES;
				CLANG_WARN_COMMA = YES;
				CLANG_WARN_CONSTANT_CONVERSION = YES;
				CLANG_WARN_DEPRECATED_OBJC_IMPLEMENTATIONS = YES;
				CLANG_WARN_DIRECT_OBJC_ISA_USAGE = YES_ERROR;
				CLANG_WARN_DOCUMENTATION_COMMENTS = YES;
				CLANG_WARN_EMPTY_BODY = YES;
				CLANG_WARN_ENUM_CONVERSION = YES;
				CLANG_WARN_INFINITE_RECURSION = YES;
				CLANG_WARN_INT_CONVERSION = YES;
				CLANG_WARN_NON_LITERAL_NULL_CONVERSION = YES;
				CLANG_WARN_OBJC_IMPLICIT_RETAIN_SELF = YES;
				CLANG_WARN_OBJC_LITERAL_CONVERSION = YES;
				CLANG_WARN_OBJC_ROOT_CLASS = YES_ERROR;
				CLANG_WARN_QUOTED_INCLUDE_IN_FRAMEWORK_HEADER = YES;
				CLANG_WARN_RANGE_LOOP_ANALYSIS = YES;
				CLANG_WARN_STRICT_PROTOTYPES = YES;
				CLANG_WARN_SUSPICIOUS_MOVE = YES;
				CLANG_WARN_UNGUARDED_AVAILABILITY = YES_AGGRESSIVE;
				CLANG_WARN_UNREACHABLE_CODE = YES;
				CLANG_WARN__DUPLICATE_METHOD_MATCH = YES;
				COPY_PHASE_STRIP = NO;
				DEBUG_INFORMATION_FORMAT = "dwarf-with-dsym";
				ENABLE_NS_ASSERTIONS = NO;
				ENABLE_STRICT_OBJC_MSGSEND = YES;
				GCC_C_LANGUAGE_STANDARD = gnu11;
				GCC_NO_COMMON_BLOCKS = YES;
				GCC_WARN_64_TO_32_BIT_CONVERSION = YES;
				GCC_WARN_ABOUT_RETURN_TYPE = YES_ERROR;
				GCC_WARN_UNDECLARED_SELECTOR = YES;
				GCC_WARN_UNINITIALIZED_AUTOS = YES_AGGRESSIVE;
				GCC_WARN_UNUSED_FUNCTION = YES;
				GCC_WARN_UNUSED_VARIABLE = YES;
				MACOSX_DEPLOYMENT_TARGET = 12.3;
				MTL_ENABLE_DEBUG_INFO = NO;
				MTL_FAST_MATH = YES;
				SDKROOT = macosx;
				SWIFT_COMPILATION_MODE = wholemodule;
				SWIFT_OPTIMIZATION_LEVEL = "-O";
			};
			name = Release;
		};
		04DCFFAB2900570A00DCB316 /* Debug */ = {
			isa = XCBuildConfiguration;
			buildSettings = {
				CODE_SIGN_STYLE = Automatic;
				DEVELOPMENT_TEAM = VF4VN8LF35;
				ENABLE_HARDENED_RUNTIME = YES;
				PRODUCT_NAME = "$(TARGET_NAME)";
				SWIFT_VERSION = 5.0;
			};
			name = Debug;
		};
		04DCFFAC2900570A00DCB316 /* Release */ = {
			isa = XCBuildConfiguration;
			buildSettings = {
				CODE_SIGN_STYLE = Automatic;
				DEVELOPMENT_TEAM = VF4VN8LF35;
				ENABLE_HARDENED_RUNTIME = YES;
				PRODUCT_NAME = "$(TARGET_NAME)";
				SWIFT_VERSION = 5.0;
			};
			name = Release;
		};
/* End XCBuildConfiguration section */

/* Begin XCConfigurationList section */
		04DCFF9E2900570A00DCB316 /* Build configuration list for PBXProject "HelloSwift" */ = {
			isa = XCConfigurationList;
			buildConfigurations = (
				04DCFFA82900570A00DCB316 /* Debug */,
				04DCFFA92900570A00DCB316 /* Release */,
			);
			defaultConfigurationIsVisible = 0;
			defaultConfigurationName = Release;
		};
		04DCFFAA2900570A00DCB316 /* Build configuration list for PBXNativeTarget "HelloSwift" */ = {
			isa = XCConfigurationList;
			buildConfigurations = (
				04DCFFAB2900570A00DCB316 /* Debug */,
				04DCFFAC2900570A00DCB316 /* Release */,
			);
			defaultConfigurationIsVisible = 0;
			defaultConfigurationName = Release;
		};
/* End XCConfigurationList section */
	};
	rootObject = 04DCFF9B2900570A00DCB316 /* Project object */;
}
